
Microsoft Visual Studio Solution File, Format Version 12.00
# Visual Studio 14
VisualStudioVersion = 14.0.24720.0
MinimumVisualStudioVersion = 10.0.40219.1
Project("{8BC9CEB8-8B4A-11D0-8D11-00A0C91BC942}") = "Assignment1_AdvancedProgramming", "Assignment1_AdvancedProgramming\Assignment1_AdvancedProgramming.vcxproj", "{AAE489DC-FA2B-455C-948E-963B83834150}"
EndProject
Project("{2150E333-8FDC-42A3-9474-1A3956D46DE8}") = "Solution Items", "Solution Items", "{7D6D82BD-89FE-4133-AFB9-047302B0C303}"
	ProjectSection(SolutionItems) = preProject
		Performance2.psess = Performance2.psess
	EndProjectSection
EndProject
Global
	GlobalSection(SolutionConfigurationPlatforms) = preSolution
		Debug|x64 = Debug|x64
		Debug|x86 = Debug|x86
		Release|x64 = Release|x64
		Release|x86 = Release|x86
	EndGlobalSection
	GlobalSection(ProjectConfigurationPlatforms) = postSolution
		{AAE489DC-FA2B-455C-948E-963B83834150}.Debug|x64.ActiveCfg = Debug|x64
		{AAE489DC-FA2B-455C-948E-963B83834150}.Debug|x64.Build.0 = Debug|x64
		{AAE489DC-FA2B-455C-948E-963B83834150}.Debug|x86.ActiveCfg = Debug|Win32
		{AAE489DC-FA2B-455C-948E-963B83834150}.Debug|x86.Build.0 = Debug|Win32
		{AAE489DC-FA2B-455C-948E-963B83834150}.Release|x64.ActiveCfg = Release|x64
		{AAE489DC-FA2B-455C-948E-963B83834150}.Release|x64.Build.0 = Release|x64
		{AAE489DC-FA2B-455C-948E-963B83834150}.Release|x86.ActiveCfg = Release|Win32
		{AAE489DC-FA2B-455C-948E-963B83834150}.Release|x86.Build.0 = Release|Win32
	EndGlobalSection
	GlobalSection(SolutionProperties) = preSolution
		HideSolutionNode = FALSE
	EndGlobalSection
EndGlobal
